github.com/go-telegram-bot-api/telegram-bot-api/v5 v5.5.1 h1:wG8n/XJQ07TmjbITcGiUaOtXxdrINDz1b0J1w0SzqDc=
github.com/go-telegram-bot-api/telegram-bot-api/v5 v5.5.1/go.mod h1:A2S0CWkNylc2phvKXWBBdD3K0iGnDBGbzRpISP2zBl8=
github.com/veyanrech/homeWebCamera/imagecapture v0.0.0-20240808215522-45dc3f1a84e8 h1:7ggED+WEpa/FMzsGvHiztVezNH2QFS2mQ18lDE74L80=
github.com/veyanrech/homeWebCamera/imagecapture v0.0.0-20240808215522-45dc3f1a84e8/go.mod h1:EeDLE8Awc2uwTj+WxpTshyw9pWSh02HCnOouQhK3txs=
